<?xml version="1.0" encoding="utf-8"?>
<Project ToolsVersion="4.0" xmlns="http://schemas.microsoft.com/developer/msbuild/2003">
  <ItemGroup>
    <Filter Include="源文件">
      <UniqueIdentifier>{4FC737F1-C7A5-4376-A066-2A32D752A2FF}</UniqueIdentifier>
      <Extensions>cpp;c;cc;cxx;def;odl;idl;hpj;bat;asm;asmx</Extensions>
    </Filter>
    <Filter Include="头文件">
      <UniqueIdentifier>{93995380-89BD-4b04-88EB-625FBE52EBFB}</UniqueIdentifier>
      <Extensions>h;hh;hpp;hxx;hm;inl;inc;xsd</Extensions>
    </Filter>
    <Filter Include="资源文件">
      <UniqueIdentifier>{67DA6AB6-F800-4c08-8B7A-83BB121AAD01}</UniqueIdentifier>
      <Extensions>rc;ico;cur;bmp;dlg;rc2;rct;bin;rgs;gif;jpg;jpeg;jpe;resx;tiff;tif;png;wav;mfcribbon-ms</Extensions>
    </Filter>
  </ItemGroup>
  <ItemGroup>
    <ClInclude Include="core\gleam.h">
      <Filter>头文件</Filter>
    </ClInclude>
    <ClInclude Include="core\base\window.h">
      <Filter>头文件</Filter>
    </ClInclude>
    <ClInclude Include="core\util\timer.h">
      <Filter>头文件</Filter>
    </ClInclude>
    <ClInclude Include="core\input\input_record.h">
      <Filter>头文件</Filter>
    </ClInclude>
    <ClInclude Include="core\input\input_engine.h">
      <Filter>头文件</Filter>
    </ClInclude>
    <ClInclude Include="core\render\camera.h">
      <Filter>头文件</Filter>
    </ClInclude>
    <ClInclude Include="core\render\camera_controller.h">
      <Filter>头文件</Filter>
    </ClInclude>
    <ClInclude Include="core\render\texture.h">
      <Filter>头文件</Filter>
    </ClInclude>
    <ClInclude Include="core\render\element_format.h">
      <Filter>头文件</Filter>
    </ClInclude>
    <ClInclude Include="core\base\color.hpp">
      <Filter>头文件</Filter>
    </ClInclude>
    <ClInclude Include="core\base\half.h">
      <Filter>头文件</Filter>
    </ClInclude>
    <ClInclude Include="core\base\math.h">
      <Filter>头文件</Filter>
    </ClInclude>
    <ClInclude Include="core\render\render_engine.h">
      <Filter>头文件</Filter>
    </ClInclude>
    <ClInclude Include="core\render\frame_buffer.h">
      <Filter>头文件</Filter>
    </ClInclude>
    <ClInclude Include="core\render\render_view.h">
      <Filter>头文件</Filter>
    </ClInclude>
    <ClInclude Include="core\render\view_port.h">
      <Filter>头文件</Filter>
    </ClInclude>
    <ClInclude Include="core\base\context.h">
      <Filter>头文件</Filter>
    </ClInclude>
    <ClInclude Include="core\render\graphics_buffer.h">
      <Filter>头文件</Filter>
    </ClInclude>
    <ClInclude Include="core\render\mapping.h">
      <Filter>头文件</Filter>
    </ClInclude>
    <ClInclude Include="core\render\render_state.h">
      <Filter>头文件</Filter>
    </ClInclude>
    <ClInclude Include="core\render\ogl_util.h">
      <Filter>头文件</Filter>
    </ClInclude>
    <ClInclude Include="core\render\render_layout.h">
      <Filter>头文件</Filter>
    </ClInclude>
    <ClInclude Include="core\render\shader_object.h">
      <Filter>头文件</Filter>
    </ClInclude>
    <ClInclude Include="core\render\render_effect.h">
      <Filter>头文件</Filter>
    </ClInclude>
    <ClInclude Include="core\util\noncopyable.hpp">
      <Filter>头文件</Filter>
    </ClInclude>
    <ClInclude Include="core\render\uniform.h">
      <Filter>头文件</Filter>
    </ClInclude>
    <ClInclude Include="core\util\hash.h">
      <Filter>头文件</Filter>
    </ClInclude>
    <ClInclude Include="external\include\tinyXML\tinystr.h">
      <Filter>头文件</Filter>
    </ClInclude>
    <ClInclude Include="external\include\tinyXML\tinyxml.h">
      <Filter>头文件</Filter>
    </ClInclude>
    <ClInclude Include="core\base\resource_loader.h">
      <Filter>头文件</Filter>
    </ClInclude>
    <ClInclude Include="core\render\renderable.h">
      <Filter>头文件</Filter>
    </ClInclude>
    <ClInclude Include="core\scene\scene_object.h">
      <Filter>头文件</Filter>
    </ClInclude>
    <ClInclude Include="core\scene\scene_manager.h">
      <Filter>头文件</Filter>
    </ClInclude>
    <ClInclude Include="core\base\framework.h">
      <Filter>头文件</Filter>
    </ClInclude>
    <ClInclude Include="core\scene\vector_scene.h">
      <Filter>头文件</Filter>
    </ClInclude>
    <ClInclude Include="core\base\bbox.h">
      <Filter>头文件</Filter>
    </ClInclude>
    <ClInclude Include="core\render\mesh.h">
      <Filter>头文件</Filter>
    </ClInclude>
    <ClInclude Include="core\render\material.h">
      <Filter>头文件</Filter>
    </ClInclude>
    <ClInclude Include="external\include\stb_image\stb_image.h">
      <Filter>头文件</Filter>
    </ClInclude>
    <ClInclude Include="core\util\array_ref.hpp">
      <Filter>头文件</Filter>
    </ClInclude>
    <ClInclude Include="core\render\light.h">
      <Filter>头文件</Filter>
    </ClInclude>
    <ClInclude Include="core\render\compute_renderable.h">
      <Filter>头文件</Filter>
    </ClInclude>
    <ClInclude Include="core\render\post_process.h">
      <Filter>头文件</Filter>
    </ClInclude>
  </ItemGroup>
  <ItemGroup>
    <ClCompile Include="core\base\window.cpp">
      <Filter>源文件</Filter>
    </ClCompile>
    <ClCompile Include="core\util\timer.cpp">
      <Filter>源文件</Filter>
    </ClCompile>
    <ClCompile Include="core\input\input_engine.cpp">
      <Filter>源文件</Filter>
    </ClCompile>
    <ClCompile Include="core\render\camera.cpp">
      <Filter>源文件</Filter>
    </ClCompile>
    <ClCompile Include="core\render\camera_controller.cpp">
      <Filter>源文件</Filter>
    </ClCompile>
    <ClCompile Include="core\base\color.inl">
      <Filter>源文件</Filter>
    </ClCompile>
    <ClCompile Include="core\render\element_format.cpp">
      <Filter>源文件</Filter>
    </ClCompile>
    <ClCompile Include="core\base\half.cpp">
      <Filter>源文件</Filter>
    </ClCompile>
    <ClCompile Include="core\base\math.cpp">
      <Filter>源文件</Filter>
    </ClCompile>
    <ClCompile Include="core\render\texture.cpp">
      <Filter>源文件</Filter>
    </ClCompile>
    <ClCompile Include="core\render\render_view.cpp">
      <Filter>源文件</Filter>
    </ClCompile>
    <ClCompile Include="core\render\view_port.cpp">
      <Filter>源文件</Filter>
    </ClCompile>
    <ClCompile Include="core\render\frame_buffer.cpp">
      <Filter>源文件</Filter>
    </ClCompile>
    <ClCompile Include="core\render\render_engine.cpp">
      <Filter>源文件</Filter>
    </ClCompile>
    <ClCompile Include="core\base\context.cpp">
      <Filter>源文件</Filter>
    </ClCompile>
    <ClCompile Include="core\render\graphics_buffer.cpp">
      <Filter>源文件</Filter>
    </ClCompile>
    <ClCompile Include="core\render\mapping.cpp">
      <Filter>源文件</Filter>
    </ClCompile>
    <ClCompile Include="core\render\render_state.cpp">
      <Filter>源文件</Filter>
    </ClCompile>
    <ClCompile Include="core\render\ogl_util.cpp">
      <Filter>源文件</Filter>
    </ClCompile>
    <ClCompile Include="core\render\render_layout.cpp">
      <Filter>源文件</Filter>
    </ClCompile>
    <ClCompile Include="core\render\shader_object.cpp">
      <Filter>源文件</Filter>
    </ClCompile>
    <ClCompile Include="core\render\uniform.cpp">
      <Filter>源文件</Filter>
    </ClCompile>
    <ClCompile Include="core\render\render_effect.cpp">
      <Filter>源文件</Filter>
    </ClCompile>
    <ClCompile Include="core\base\resource_loader.cpp">
      <Filter>源文件</Filter>
    </ClCompile>
    <ClCompile Include="core\render\renderable.cpp">
      <Filter>源文件</Filter>
    </ClCompile>
    <ClCompile Include="core\scene\scene_object.cpp">
      <Filter>源文件</Filter>
    </ClCompile>
    <ClCompile Include="core\scene\scene_manager.cpp">
      <Filter>源文件</Filter>
    </ClCompile>
    <ClCompile Include="core\base\framework.cpp">
      <Filter>源文件</Filter>
    </ClCompile>
    <ClCompile Include="core\scene\vector_scene.cpp">
      <Filter>源文件</Filter>
    </ClCompile>
    <ClCompile Include="core\base\bbox.cpp">
      <Filter>源文件</Filter>
    </ClCompile>
    <ClCompile Include="core\render\mesh.cpp">
      <Filter>源文件</Filter>
    </ClCompile>
    <ClCompile Include="core\render\light.cpp">
      <Filter>源文件</Filter>
    </ClCompile>
    <ClCompile Include="core\render\compute_renderable.cpp">
      <Filter>源文件</Filter>
    </ClCompile>
    <ClCompile Include="core\render\post_process.cpp">
      <Filter>源文件</Filter>
    </ClCompile>
    <ClCompile Include="external\include\tinyXML\tinystr.cpp">
      <Filter>源文件</Filter>
    </ClCompile>
    <ClCompile Include="external\include\tinyXML\tinyxml.cpp">
      <Filter>源文件</Filter>
    </ClCompile>
    <ClCompile Include="external\include\tinyXML\tinyxmlerror.cpp">
      <Filter>源文件</Filter>
    </ClCompile>
    <ClCompile Include="external\include\tinyXML\tinyxmlparser.cpp">
      <Filter>源文件</Filter>
    </ClCompile>
  </ItemGroup>
  <ItemGroup>
    <Xml Include="resource\render\renderable.xml" />
    <Xml Include="resource\render\lighting.xml" />
    <Xml Include="resource\render\LightPolygon.xml" />
    <Xml Include="resource\render\skybox.xml" />
    <Xml Include="resource\render\downsize.xml" />
    <Xml Include="resource\render\blur.xml" />
    <Xml Include="resource\render\tonemapping.xml" />
    <Xml Include="resource\render\HDR_util.xml" />
    <Xml Include="resource\render\HDR_pp.xml" />
    <Xml Include="resource\render\shadow.xml" />
    <Xml Include="resource\render\AA.xml" />
    <Xml Include="resource\render\AA_pp.xml" />
    <Xml Include="resource\render\base.xml" />
    <Xml Include="resource\render\base_pp.xml" />
  </ItemGroup>
</Project>