
Microsoft Visual Studio Solution File, Format Version 12.00
# Visual Studio 14
VisualStudioVersion = 14.0.25420.1
MinimumVisualStudioVersion = 10.0.40219.1
Project("{8BC9CEB8-8B4A-11D0-8D11-00A0C91BC942}") = "Gleam", "Gleam.vcxproj", "{27018355-C13F-4E12-9C23-6BF865228C1B}"
EndProject
Project("{2150E333-8FDC-42A3-9474-1A3956D46DE8}") = "sample", "sample", "{052FBEB6-0721-4DE8-94C8-A3E460968947}"
EndProject
Project("{8BC9CEB8-8B4A-11D0-8D11-00A0C91BC942}") = "fxaa", "build\vc14\fxaa.vcxproj", "{F3BCD1AF-0E87-4BC3-AFC8-292016534301}"
	ProjectSection(ProjectDependencies) = postProject
		{27018355-C13F-4E12-9C23-6BF865228C1B} = {27018355-C13F-4E12-9C23-6BF865228C1B}
	EndProjectSection
EndProject
Project("{8BC9CEB8-8B4A-11D0-8D11-00A0C91BC942}") = "pcss", "build\vc14\pcss.vcxproj", "{58E919C9-E8E0-43E7-B3BA-66A8CF6CBD13}"
	ProjectSection(ProjectDependencies) = postProject
		{27018355-C13F-4E12-9C23-6BF865228C1B} = {27018355-C13F-4E12-9C23-6BF865228C1B}
	EndProjectSection
EndProject
Global
	GlobalSection(SolutionConfigurationPlatforms) = preSolution
		Debug|x64 = Debug|x64
		Debug|x86 = Debug|x86
		MinSizeRel|x64 = MinSizeRel|x64
		MinSizeRel|x86 = MinSizeRel|x86
		Release|x64 = Release|x64
		Release|x86 = Release|x86
		RelWithDebInfo|x64 = RelWithDebInfo|x64
		RelWithDebInfo|x86 = RelWithDebInfo|x86
	EndGlobalSection
	GlobalSection(ProjectConfigurationPlatforms) = postSolution
		{27018355-C13F-4E12-9C23-6BF865228C1B}.Debug|x64.ActiveCfg = Debug|x64
		{27018355-C13F-4E12-9C23-6BF865228C1B}.Debug|x64.Build.0 = Debug|x64
		{27018355-C13F-4E12-9C23-6BF865228C1B}.Debug|x86.ActiveCfg = Debug|Win32
		{27018355-C13F-4E12-9C23-6BF865228C1B}.Debug|x86.Build.0 = Debug|Win32
		{27018355-C13F-4E12-9C23-6BF865228C1B}.MinSizeRel|x64.ActiveCfg = Release|x64
		{27018355-C13F-4E12-9C23-6BF865228C1B}.MinSizeRel|x64.Build.0 = Release|x64
		{27018355-C13F-4E12-9C23-6BF865228C1B}.MinSizeRel|x86.ActiveCfg = Release|Win32
		{27018355-C13F-4E12-9C23-6BF865228C1B}.MinSizeRel|x86.Build.0 = Release|Win32
		{27018355-C13F-4E12-9C23-6BF865228C1B}.Release|x64.ActiveCfg = Release|x64
		{27018355-C13F-4E12-9C23-6BF865228C1B}.Release|x64.Build.0 = Release|x64
		{27018355-C13F-4E12-9C23-6BF865228C1B}.Release|x86.ActiveCfg = Release|Win32
		{27018355-C13F-4E12-9C23-6BF865228C1B}.Release|x86.Build.0 = Release|Win32
		{27018355-C13F-4E12-9C23-6BF865228C1B}.RelWithDebInfo|x64.ActiveCfg = Release|x64
		{27018355-C13F-4E12-9C23-6BF865228C1B}.RelWithDebInfo|x64.Build.0 = Release|x64
		{27018355-C13F-4E12-9C23-6BF865228C1B}.RelWithDebInfo|x86.ActiveCfg = Release|Win32
		{27018355-C13F-4E12-9C23-6BF865228C1B}.RelWithDebInfo|x86.Build.0 = Release|Win32
		{F3BCD1AF-0E87-4BC3-AFC8-292016534301}.Debug|x64.ActiveCfg = Debug|x64
		{F3BCD1AF-0E87-4BC3-AFC8-292016534301}.Debug|x64.Build.0 = Debug|x64
		{F3BCD1AF-0E87-4BC3-AFC8-292016534301}.Debug|x86.ActiveCfg = Debug|Win32
		{F3BCD1AF-0E87-4BC3-AFC8-292016534301}.Debug|x86.Build.0 = Debug|Win32
		{F3BCD1AF-0E87-4BC3-AFC8-292016534301}.MinSizeRel|x64.ActiveCfg = Release|x64
		{F3BCD1AF-0E87-4BC3-AFC8-292016534301}.MinSizeRel|x64.Build.0 = Release|x64
		{F3BCD1AF-0E87-4BC3-AFC8-292016534301}.MinSizeRel|x86.ActiveCfg = Release|Win32
		{F3BCD1AF-0E87-4BC3-AFC8-292016534301}.MinSizeRel|x86.Build.0 = Release|Win32
		{F3BCD1AF-0E87-4BC3-AFC8-292016534301}.Release|x64.ActiveCfg = Release|x64
		{F3BCD1AF-0E87-4BC3-AFC8-292016534301}.Release|x64.Build.0 = Release|x64
		{F3BCD1AF-0E87-4BC3-AFC8-292016534301}.Release|x86.ActiveCfg = Release|Win32
		{F3BCD1AF-0E87-4BC3-AFC8-292016534301}.Release|x86.Build.0 = Release|Win32
		{F3BCD1AF-0E87-4BC3-AFC8-292016534301}.RelWithDebInfo|x64.ActiveCfg = Release|x64
		{F3BCD1AF-0E87-4BC3-AFC8-292016534301}.RelWithDebInfo|x64.Build.0 = Release|x64
		{F3BCD1AF-0E87-4BC3-AFC8-292016534301}.RelWithDebInfo|x86.ActiveCfg = Release|Win32
		{F3BCD1AF-0E87-4BC3-AFC8-292016534301}.RelWithDebInfo|x86.Build.0 = Release|Win32
		{58E919C9-E8E0-43E7-B3BA-66A8CF6CBD13}.Debug|x64.ActiveCfg = Debug|x64
		{58E919C9-E8E0-43E7-B3BA-66A8CF6CBD13}.Debug|x64.Build.0 = Debug|x64
		{58E919C9-E8E0-43E7-B3BA-66A8CF6CBD13}.Debug|x86.ActiveCfg = Debug|Win32
		{58E919C9-E8E0-43E7-B3BA-66A8CF6CBD13}.Debug|x86.Build.0 = Debug|Win32
		{58E919C9-E8E0-43E7-B3BA-66A8CF6CBD13}.MinSizeRel|x64.ActiveCfg = Release|x64
		{58E919C9-E8E0-43E7-B3BA-66A8CF6CBD13}.MinSizeRel|x64.Build.0 = Release|x64
		{58E919C9-E8E0-43E7-B3BA-66A8CF6CBD13}.MinSizeRel|x86.ActiveCfg = Release|Win32
		{58E919C9-E8E0-43E7-B3BA-66A8CF6CBD13}.MinSizeRel|x86.Build.0 = Release|Win32
		{58E919C9-E8E0-43E7-B3BA-66A8CF6CBD13}.Release|x64.ActiveCfg = Release|x64
		{58E919C9-E8E0-43E7-B3BA-66A8CF6CBD13}.Release|x64.Build.0 = Release|x64
		{58E919C9-E8E0-43E7-B3BA-66A8CF6CBD13}.Release|x86.ActiveCfg = Release|Win32
		{58E919C9-E8E0-43E7-B3BA-66A8CF6CBD13}.Release|x86.Build.0 = Release|Win32
		{58E919C9-E8E0-43E7-B3BA-66A8CF6CBD13}.RelWithDebInfo|x64.ActiveCfg = Release|x64
		{58E919C9-E8E0-43E7-B3BA-66A8CF6CBD13}.RelWithDebInfo|x64.Build.0 = Release|x64
		{58E919C9-E8E0-43E7-B3BA-66A8CF6CBD13}.RelWithDebInfo|x86.ActiveCfg = Release|Win32
		{58E919C9-E8E0-43E7-B3BA-66A8CF6CBD13}.RelWithDebInfo|x86.Build.0 = Release|Win32
	EndGlobalSection
	GlobalSection(SolutionProperties) = preSolution
		HideSolutionNode = FALSE
	EndGlobalSection
	GlobalSection(NestedProjects) = preSolution
		{F3BCD1AF-0E87-4BC3-AFC8-292016534301} = {052FBEB6-0721-4DE8-94C8-A3E460968947}
		{58E919C9-E8E0-43E7-B3BA-66A8CF6CBD13} = {052FBEB6-0721-4DE8-94C8-A3E460968947}
	EndGlobalSection
EndGlobal
