
Microsoft Visual Studio Solution File, Format Version 12.00
# Visual Studio 14
VisualStudioVersion = 14.0.25420.1
MinimumVisualStudioVersion = 10.0.40219.1
Project("{8BC9CEB8-8B4A-11D0-8D11-00A0C91BC942}") = "Gleam", "Gleam.vcxproj", "{27018355-C13F-4E12-9C23-6BF865228C1B}"
EndProject
Project("{2150E333-8FDC-42A3-9474-1A3956D46DE8}") = "sample", "sample", "{052FBEB6-0721-4DE8-94C8-A3E460968947}"
EndProject
Project("{8BC9CEB8-8B4A-11D0-8D11-00A0C91BC942}") = "fxaa", "build\vc14\fxaa.vcxproj", "{F3BCD1AF-0E87-4BC3-AFC8-292016534301}"
	ProjectSection(ProjectDependencies) = postProject
		{27018355-C13F-4E12-9C23-6BF865228C1B} = {27018355-C13F-4E12-9C23-6BF865228C1B}
	EndProjectSection
EndProject
Project("{8BC9CEB8-8B4A-11D0-8D11-00A0C91BC942}") = "pcss", "build\vc14\pcss.vcxproj", "{58E919C9-E8E0-43E7-B3BA-66A8CF6CBD13}"
	ProjectSection(ProjectDependencies) = postProject
		{27018355-C13F-4E12-9C23-6BF865228C1B} = {27018355-C13F-4E12-9C23-6BF865228C1B}
	EndProjectSection
EndProject
Project("{8BC9CEB8-8B4A-11D0-8D11-00A0C91BC942}") = "glare_effect", "build\vc14\glare_effect.vcxproj", "{A61FBA2B-807A-4A9B-B488-2EDCD80AA505}"
EndProject
Project("{8BC9CEB8-8B4A-11D0-8D11-00A0C91BC942}") = "bloom", "build\vc14\bloom.vcxproj", "{EF9C16FB-6E9F-47CC-A195-AF3F52038D94}"
	ProjectSection(ProjectDependencies) = postProject
		{27018355-C13F-4E12-9C23-6BF865228C1B} = {27018355-C13F-4E12-9C23-6BF865228C1B}
	EndProjectSection
EndProject
Project("{8BC9CEB8-8B4A-11D0-8D11-00A0C91BC942}") = "HDR", "build\vc14\HDR.vcxproj", "{0725EAAD-201D-476B-8CE9-AAE0D4559131}"
EndProject
Project("{8BC9CEB8-8B4A-11D0-8D11-00A0C91BC942}") = "vertex_displacement", "build\vc14\vertex_displacement.vcxproj", "{71002F76-D93C-4F1D-88F3-224711254ACF}"
EndProject
Project("{8BC9CEB8-8B4A-11D0-8D11-00A0C91BC942}") = "refract", "build\vc14\refract.vcxproj", "{1089F82B-5716-4A68-9801-B1257AA5146F}"
EndProject
Project("{8BC9CEB8-8B4A-11D0-8D11-00A0C91BC942}") = "height_mapping", "build\vc14\height_mapping.vcxproj", "{AAA1E779-C234-4EDB-8E6A-8B67566F949C}"
EndProject
Project("{8BC9CEB8-8B4A-11D0-8D11-00A0C91BC942}") = "teapot", "build\vc14\teapot.vcxproj", "{7F70F17D-D3F2-4312-966D-E24B5FF6E17A}"
EndProject
Project("{8BC9CEB8-8B4A-11D0-8D11-00A0C91BC942}") = "triangle", "build\vc14\triangle.vcxproj", "{054C8D6B-BAA7-4A5A-98F0-57DF18F9B962}"
EndProject
Project("{8BC9CEB8-8B4A-11D0-8D11-00A0C91BC942}") = "line", "build\vc14\line.vcxproj", "{D80A8D72-3DE3-45DF-8189-CFB1E91C32E5}"
EndProject
Project("{8BC9CEB8-8B4A-11D0-8D11-00A0C91BC942}") = "instance", "build\vc14\instance.vcxproj", "{9D4B7880-3ABE-4551-8431-4864F4DC6AD9}"
	ProjectSection(ProjectDependencies) = postProject
		{27018355-C13F-4E12-9C23-6BF865228C1B} = {27018355-C13F-4E12-9C23-6BF865228C1B}
	EndProjectSection
EndProject
Project("{8BC9CEB8-8B4A-11D0-8D11-00A0C91BC942}") = "basic_pbr", "build\vc14\basic_pbr.vcxproj", "{A81BA754-9365-471A-844D-FDC87727995C}"
	ProjectSection(ProjectDependencies) = postProject
		{27018355-C13F-4E12-9C23-6BF865228C1B} = {27018355-C13F-4E12-9C23-6BF865228C1B}
	EndProjectSection
EndProject
Global
	GlobalSection(SolutionConfigurationPlatforms) = preSolution
		Debug|x64 = Debug|x64
		Debug|x86 = Debug|x86
		MinSizeRel|x64 = MinSizeRel|x64
		MinSizeRel|x86 = MinSizeRel|x86
		Release|x64 = Release|x64
		Release|x86 = Release|x86
		RelWithDebInfo|x64 = RelWithDebInfo|x64
		RelWithDebInfo|x86 = RelWithDebInfo|x86
	EndGlobalSection
	GlobalSection(ProjectConfigurationPlatforms) = postSolution
		{27018355-C13F-4E12-9C23-6BF865228C1B}.Debug|x64.ActiveCfg = Debug|x64
		{27018355-C13F-4E12-9C23-6BF865228C1B}.Debug|x64.Build.0 = Debug|x64
		{27018355-C13F-4E12-9C23-6BF865228C1B}.Debug|x86.ActiveCfg = Debug|Win32
		{27018355-C13F-4E12-9C23-6BF865228C1B}.Debug|x86.Build.0 = Debug|Win32
		{27018355-C13F-4E12-9C23-6BF865228C1B}.MinSizeRel|x64.ActiveCfg = Release|x64
		{27018355-C13F-4E12-9C23-6BF865228C1B}.MinSizeRel|x64.Build.0 = Release|x64
		{27018355-C13F-4E12-9C23-6BF865228C1B}.MinSizeRel|x86.ActiveCfg = Release|Win32
		{27018355-C13F-4E12-9C23-6BF865228C1B}.MinSizeRel|x86.Build.0 = Release|Win32
		{27018355-C13F-4E12-9C23-6BF865228C1B}.Release|x64.ActiveCfg = Release|x64
		{27018355-C13F-4E12-9C23-6BF865228C1B}.Release|x64.Build.0 = Release|x64
		{27018355-C13F-4E12-9C23-6BF865228C1B}.Release|x86.ActiveCfg = Release|Win32
		{27018355-C13F-4E12-9C23-6BF865228C1B}.Release|x86.Build.0 = Release|Win32
		{27018355-C13F-4E12-9C23-6BF865228C1B}.RelWithDebInfo|x64.ActiveCfg = Release|x64
		{27018355-C13F-4E12-9C23-6BF865228C1B}.RelWithDebInfo|x64.Build.0 = Release|x64
		{27018355-C13F-4E12-9C23-6BF865228C1B}.RelWithDebInfo|x86.ActiveCfg = Release|Win32
		{27018355-C13F-4E12-9C23-6BF865228C1B}.RelWithDebInfo|x86.Build.0 = Release|Win32
		{F3BCD1AF-0E87-4BC3-AFC8-292016534301}.Debug|x64.ActiveCfg = Debug|x64
		{F3BCD1AF-0E87-4BC3-AFC8-292016534301}.Debug|x64.Build.0 = Debug|x64
		{F3BCD1AF-0E87-4BC3-AFC8-292016534301}.Debug|x86.ActiveCfg = Debug|Win32
		{F3BCD1AF-0E87-4BC3-AFC8-292016534301}.Debug|x86.Build.0 = Debug|Win32
		{F3BCD1AF-0E87-4BC3-AFC8-292016534301}.MinSizeRel|x64.ActiveCfg = Release|x64
		{F3BCD1AF-0E87-4BC3-AFC8-292016534301}.MinSizeRel|x64.Build.0 = Release|x64
		{F3BCD1AF-0E87-4BC3-AFC8-292016534301}.MinSizeRel|x86.ActiveCfg = Release|Win32
		{F3BCD1AF-0E87-4BC3-AFC8-292016534301}.MinSizeRel|x86.Build.0 = Release|Win32
		{F3BCD1AF-0E87-4BC3-AFC8-292016534301}.Release|x64.ActiveCfg = Release|x64
		{F3BCD1AF-0E87-4BC3-AFC8-292016534301}.Release|x64.Build.0 = Release|x64
		{F3BCD1AF-0E87-4BC3-AFC8-292016534301}.Release|x86.ActiveCfg = Release|Win32
		{F3BCD1AF-0E87-4BC3-AFC8-292016534301}.Release|x86.Build.0 = Release|Win32
		{F3BCD1AF-0E87-4BC3-AFC8-292016534301}.RelWithDebInfo|x64.ActiveCfg = Release|x64
		{F3BCD1AF-0E87-4BC3-AFC8-292016534301}.RelWithDebInfo|x64.Build.0 = Release|x64
		{F3BCD1AF-0E87-4BC3-AFC8-292016534301}.RelWithDebInfo|x86.ActiveCfg = Release|Win32
		{F3BCD1AF-0E87-4BC3-AFC8-292016534301}.RelWithDebInfo|x86.Build.0 = Release|Win32
		{58E919C9-E8E0-43E7-B3BA-66A8CF6CBD13}.Debug|x64.ActiveCfg = Debug|x64
		{58E919C9-E8E0-43E7-B3BA-66A8CF6CBD13}.Debug|x64.Build.0 = Debug|x64
		{58E919C9-E8E0-43E7-B3BA-66A8CF6CBD13}.Debug|x86.ActiveCfg = Debug|Win32
		{58E919C9-E8E0-43E7-B3BA-66A8CF6CBD13}.Debug|x86.Build.0 = Debug|Win32
		{58E919C9-E8E0-43E7-B3BA-66A8CF6CBD13}.MinSizeRel|x64.ActiveCfg = Release|x64
		{58E919C9-E8E0-43E7-B3BA-66A8CF6CBD13}.MinSizeRel|x64.Build.0 = Release|x64
		{58E919C9-E8E0-43E7-B3BA-66A8CF6CBD13}.MinSizeRel|x86.ActiveCfg = Release|Win32
		{58E919C9-E8E0-43E7-B3BA-66A8CF6CBD13}.MinSizeRel|x86.Build.0 = Release|Win32
		{58E919C9-E8E0-43E7-B3BA-66A8CF6CBD13}.Release|x64.ActiveCfg = Release|x64
		{58E919C9-E8E0-43E7-B3BA-66A8CF6CBD13}.Release|x64.Build.0 = Release|x64
		{58E919C9-E8E0-43E7-B3BA-66A8CF6CBD13}.Release|x86.ActiveCfg = Release|Win32
		{58E919C9-E8E0-43E7-B3BA-66A8CF6CBD13}.Release|x86.Build.0 = Release|Win32
		{58E919C9-E8E0-43E7-B3BA-66A8CF6CBD13}.RelWithDebInfo|x64.ActiveCfg = Release|x64
		{58E919C9-E8E0-43E7-B3BA-66A8CF6CBD13}.RelWithDebInfo|x64.Build.0 = Release|x64
		{58E919C9-E8E0-43E7-B3BA-66A8CF6CBD13}.RelWithDebInfo|x86.ActiveCfg = Release|Win32
		{58E919C9-E8E0-43E7-B3BA-66A8CF6CBD13}.RelWithDebInfo|x86.Build.0 = Release|Win32
		{A61FBA2B-807A-4A9B-B488-2EDCD80AA505}.Debug|x64.ActiveCfg = Debug|x64
		{A61FBA2B-807A-4A9B-B488-2EDCD80AA505}.Debug|x64.Build.0 = Debug|x64
		{A61FBA2B-807A-4A9B-B488-2EDCD80AA505}.Debug|x86.ActiveCfg = Debug|Win32
		{A61FBA2B-807A-4A9B-B488-2EDCD80AA505}.Debug|x86.Build.0 = Debug|Win32
		{A61FBA2B-807A-4A9B-B488-2EDCD80AA505}.MinSizeRel|x64.ActiveCfg = Release|x64
		{A61FBA2B-807A-4A9B-B488-2EDCD80AA505}.MinSizeRel|x64.Build.0 = Release|x64
		{A61FBA2B-807A-4A9B-B488-2EDCD80AA505}.MinSizeRel|x86.ActiveCfg = Release|Win32
		{A61FBA2B-807A-4A9B-B488-2EDCD80AA505}.MinSizeRel|x86.Build.0 = Release|Win32
		{A61FBA2B-807A-4A9B-B488-2EDCD80AA505}.Release|x64.ActiveCfg = Release|x64
		{A61FBA2B-807A-4A9B-B488-2EDCD80AA505}.Release|x64.Build.0 = Release|x64
		{A61FBA2B-807A-4A9B-B488-2EDCD80AA505}.Release|x86.ActiveCfg = Release|Win32
		{A61FBA2B-807A-4A9B-B488-2EDCD80AA505}.Release|x86.Build.0 = Release|Win32
		{A61FBA2B-807A-4A9B-B488-2EDCD80AA505}.RelWithDebInfo|x64.ActiveCfg = Release|x64
		{A61FBA2B-807A-4A9B-B488-2EDCD80AA505}.RelWithDebInfo|x64.Build.0 = Release|x64
		{A61FBA2B-807A-4A9B-B488-2EDCD80AA505}.RelWithDebInfo|x86.ActiveCfg = Release|Win32
		{A61FBA2B-807A-4A9B-B488-2EDCD80AA505}.RelWithDebInfo|x86.Build.0 = Release|Win32
		{EF9C16FB-6E9F-47CC-A195-AF3F52038D94}.Debug|x64.ActiveCfg = Debug|x64
		{EF9C16FB-6E9F-47CC-A195-AF3F52038D94}.Debug|x64.Build.0 = Debug|x64
		{EF9C16FB-6E9F-47CC-A195-AF3F52038D94}.Debug|x86.ActiveCfg = Debug|Win32
		{EF9C16FB-6E9F-47CC-A195-AF3F52038D94}.Debug|x86.Build.0 = Debug|Win32
		{EF9C16FB-6E9F-47CC-A195-AF3F52038D94}.MinSizeRel|x64.ActiveCfg = Release|x64
		{EF9C16FB-6E9F-47CC-A195-AF3F52038D94}.MinSizeRel|x64.Build.0 = Release|x64
		{EF9C16FB-6E9F-47CC-A195-AF3F52038D94}.MinSizeRel|x86.ActiveCfg = Release|Win32
		{EF9C16FB-6E9F-47CC-A195-AF3F52038D94}.MinSizeRel|x86.Build.0 = Release|Win32
		{EF9C16FB-6E9F-47CC-A195-AF3F52038D94}.Release|x64.ActiveCfg = Release|x64
		{EF9C16FB-6E9F-47CC-A195-AF3F52038D94}.Release|x64.Build.0 = Release|x64
		{EF9C16FB-6E9F-47CC-A195-AF3F52038D94}.Release|x86.ActiveCfg = Release|Win32
		{EF9C16FB-6E9F-47CC-A195-AF3F52038D94}.Release|x86.Build.0 = Release|Win32
		{EF9C16FB-6E9F-47CC-A195-AF3F52038D94}.RelWithDebInfo|x64.ActiveCfg = Release|x64
		{EF9C16FB-6E9F-47CC-A195-AF3F52038D94}.RelWithDebInfo|x64.Build.0 = Release|x64
		{EF9C16FB-6E9F-47CC-A195-AF3F52038D94}.RelWithDebInfo|x86.ActiveCfg = Release|Win32
		{EF9C16FB-6E9F-47CC-A195-AF3F52038D94}.RelWithDebInfo|x86.Build.0 = Release|Win32
		{0725EAAD-201D-476B-8CE9-AAE0D4559131}.Debug|x64.ActiveCfg = Debug|x64
		{0725EAAD-201D-476B-8CE9-AAE0D4559131}.Debug|x64.Build.0 = Debug|x64
		{0725EAAD-201D-476B-8CE9-AAE0D4559131}.Debug|x86.ActiveCfg = Debug|Win32
		{0725EAAD-201D-476B-8CE9-AAE0D4559131}.Debug|x86.Build.0 = Debug|Win32
		{0725EAAD-201D-476B-8CE9-AAE0D4559131}.MinSizeRel|x64.ActiveCfg = Release|x64
		{0725EAAD-201D-476B-8CE9-AAE0D4559131}.MinSizeRel|x64.Build.0 = Release|x64
		{0725EAAD-201D-476B-8CE9-AAE0D4559131}.MinSizeRel|x86.ActiveCfg = Release|Win32
		{0725EAAD-201D-476B-8CE9-AAE0D4559131}.MinSizeRel|x86.Build.0 = Release|Win32
		{0725EAAD-201D-476B-8CE9-AAE0D4559131}.Release|x64.ActiveCfg = Release|x64
		{0725EAAD-201D-476B-8CE9-AAE0D4559131}.Release|x64.Build.0 = Release|x64
		{0725EAAD-201D-476B-8CE9-AAE0D4559131}.Release|x86.ActiveCfg = Release|Win32
		{0725EAAD-201D-476B-8CE9-AAE0D4559131}.Release|x86.Build.0 = Release|Win32
		{0725EAAD-201D-476B-8CE9-AAE0D4559131}.RelWithDebInfo|x64.ActiveCfg = Release|x64
		{0725EAAD-201D-476B-8CE9-AAE0D4559131}.RelWithDebInfo|x64.Build.0 = Release|x64
		{0725EAAD-201D-476B-8CE9-AAE0D4559131}.RelWithDebInfo|x86.ActiveCfg = Release|Win32
		{0725EAAD-201D-476B-8CE9-AAE0D4559131}.RelWithDebInfo|x86.Build.0 = Release|Win32
		{71002F76-D93C-4F1D-88F3-224711254ACF}.Debug|x64.ActiveCfg = Debug|x64
		{71002F76-D93C-4F1D-88F3-224711254ACF}.Debug|x64.Build.0 = Debug|x64
		{71002F76-D93C-4F1D-88F3-224711254ACF}.Debug|x86.ActiveCfg = Debug|Win32
		{71002F76-D93C-4F1D-88F3-224711254ACF}.Debug|x86.Build.0 = Debug|Win32
		{71002F76-D93C-4F1D-88F3-224711254ACF}.MinSizeRel|x64.ActiveCfg = Release|x64
		{71002F76-D93C-4F1D-88F3-224711254ACF}.MinSizeRel|x64.Build.0 = Release|x64
		{71002F76-D93C-4F1D-88F3-224711254ACF}.MinSizeRel|x86.ActiveCfg = Release|Win32
		{71002F76-D93C-4F1D-88F3-224711254ACF}.MinSizeRel|x86.Build.0 = Release|Win32
		{71002F76-D93C-4F1D-88F3-224711254ACF}.Release|x64.ActiveCfg = Release|x64
		{71002F76-D93C-4F1D-88F3-224711254ACF}.Release|x64.Build.0 = Release|x64
		{71002F76-D93C-4F1D-88F3-224711254ACF}.Release|x86.ActiveCfg = Release|Win32
		{71002F76-D93C-4F1D-88F3-224711254ACF}.Release|x86.Build.0 = Release|Win32
		{71002F76-D93C-4F1D-88F3-224711254ACF}.RelWithDebInfo|x64.ActiveCfg = Release|x64
		{71002F76-D93C-4F1D-88F3-224711254ACF}.RelWithDebInfo|x64.Build.0 = Release|x64
		{71002F76-D93C-4F1D-88F3-224711254ACF}.RelWithDebInfo|x86.ActiveCfg = Release|Win32
		{71002F76-D93C-4F1D-88F3-224711254ACF}.RelWithDebInfo|x86.Build.0 = Release|Win32
		{1089F82B-5716-4A68-9801-B1257AA5146F}.Debug|x64.ActiveCfg = Debug|x64
		{1089F82B-5716-4A68-9801-B1257AA5146F}.Debug|x64.Build.0 = Debug|x64
		{1089F82B-5716-4A68-9801-B1257AA5146F}.Debug|x86.ActiveCfg = Debug|Win32
		{1089F82B-5716-4A68-9801-B1257AA5146F}.Debug|x86.Build.0 = Debug|Win32
		{1089F82B-5716-4A68-9801-B1257AA5146F}.MinSizeRel|x64.ActiveCfg = Release|x64
		{1089F82B-5716-4A68-9801-B1257AA5146F}.MinSizeRel|x64.Build.0 = Release|x64
		{1089F82B-5716-4A68-9801-B1257AA5146F}.MinSizeRel|x86.ActiveCfg = Release|Win32
		{1089F82B-5716-4A68-9801-B1257AA5146F}.MinSizeRel|x86.Build.0 = Release|Win32
		{1089F82B-5716-4A68-9801-B1257AA5146F}.Release|x64.ActiveCfg = Release|x64
		{1089F82B-5716-4A68-9801-B1257AA5146F}.Release|x64.Build.0 = Release|x64
		{1089F82B-5716-4A68-9801-B1257AA5146F}.Release|x86.ActiveCfg = Release|Win32
		{1089F82B-5716-4A68-9801-B1257AA5146F}.Release|x86.Build.0 = Release|Win32
		{1089F82B-5716-4A68-9801-B1257AA5146F}.RelWithDebInfo|x64.ActiveCfg = Release|x64
		{1089F82B-5716-4A68-9801-B1257AA5146F}.RelWithDebInfo|x64.Build.0 = Release|x64
		{1089F82B-5716-4A68-9801-B1257AA5146F}.RelWithDebInfo|x86.ActiveCfg = Release|Win32
		{1089F82B-5716-4A68-9801-B1257AA5146F}.RelWithDebInfo|x86.Build.0 = Release|Win32
		{AAA1E779-C234-4EDB-8E6A-8B67566F949C}.Debug|x64.ActiveCfg = Debug|x64
		{AAA1E779-C234-4EDB-8E6A-8B67566F949C}.Debug|x64.Build.0 = Debug|x64
		{AAA1E779-C234-4EDB-8E6A-8B67566F949C}.Debug|x86.ActiveCfg = Debug|Win32
		{AAA1E779-C234-4EDB-8E6A-8B67566F949C}.Debug|x86.Build.0 = Debug|Win32
		{AAA1E779-C234-4EDB-8E6A-8B67566F949C}.MinSizeRel|x64.ActiveCfg = Release|x64
		{AAA1E779-C234-4EDB-8E6A-8B67566F949C}.MinSizeRel|x64.Build.0 = Release|x64
		{AAA1E779-C234-4EDB-8E6A-8B67566F949C}.MinSizeRel|x86.ActiveCfg = Release|Win32
		{AAA1E779-C234-4EDB-8E6A-8B67566F949C}.MinSizeRel|x86.Build.0 = Release|Win32
		{AAA1E779-C234-4EDB-8E6A-8B67566F949C}.Release|x64.ActiveCfg = Release|x64
		{AAA1E779-C234-4EDB-8E6A-8B67566F949C}.Release|x64.Build.0 = Release|x64
		{AAA1E779-C234-4EDB-8E6A-8B67566F949C}.Release|x86.ActiveCfg = Release|Win32
		{AAA1E779-C234-4EDB-8E6A-8B67566F949C}.Release|x86.Build.0 = Release|Win32
		{AAA1E779-C234-4EDB-8E6A-8B67566F949C}.RelWithDebInfo|x64.ActiveCfg = Release|x64
		{AAA1E779-C234-4EDB-8E6A-8B67566F949C}.RelWithDebInfo|x64.Build.0 = Release|x64
		{AAA1E779-C234-4EDB-8E6A-8B67566F949C}.RelWithDebInfo|x86.ActiveCfg = Release|Win32
		{AAA1E779-C234-4EDB-8E6A-8B67566F949C}.RelWithDebInfo|x86.Build.0 = Release|Win32
		{7F70F17D-D3F2-4312-966D-E24B5FF6E17A}.Debug|x64.ActiveCfg = Debug|x64
		{7F70F17D-D3F2-4312-966D-E24B5FF6E17A}.Debug|x64.Build.0 = Debug|x64
		{7F70F17D-D3F2-4312-966D-E24B5FF6E17A}.Debug|x86.ActiveCfg = Debug|Win32
		{7F70F17D-D3F2-4312-966D-E24B5FF6E17A}.Debug|x86.Build.0 = Debug|Win32
		{7F70F17D-D3F2-4312-966D-E24B5FF6E17A}.MinSizeRel|x64.ActiveCfg = Release|x64
		{7F70F17D-D3F2-4312-966D-E24B5FF6E17A}.MinSizeRel|x64.Build.0 = Release|x64
		{7F70F17D-D3F2-4312-966D-E24B5FF6E17A}.MinSizeRel|x86.ActiveCfg = Release|Win32
		{7F70F17D-D3F2-4312-966D-E24B5FF6E17A}.MinSizeRel|x86.Build.0 = Release|Win32
		{7F70F17D-D3F2-4312-966D-E24B5FF6E17A}.Release|x64.ActiveCfg = Release|x64
		{7F70F17D-D3F2-4312-966D-E24B5FF6E17A}.Release|x64.Build.0 = Release|x64
		{7F70F17D-D3F2-4312-966D-E24B5FF6E17A}.Release|x86.ActiveCfg = Release|Win32
		{7F70F17D-D3F2-4312-966D-E24B5FF6E17A}.Release|x86.Build.0 = Release|Win32
		{7F70F17D-D3F2-4312-966D-E24B5FF6E17A}.RelWithDebInfo|x64.ActiveCfg = Release|x64
		{7F70F17D-D3F2-4312-966D-E24B5FF6E17A}.RelWithDebInfo|x64.Build.0 = Release|x64
		{7F70F17D-D3F2-4312-966D-E24B5FF6E17A}.RelWithDebInfo|x86.ActiveCfg = Release|Win32
		{7F70F17D-D3F2-4312-966D-E24B5FF6E17A}.RelWithDebInfo|x86.Build.0 = Release|Win32
		{054C8D6B-BAA7-4A5A-98F0-57DF18F9B962}.Debug|x64.ActiveCfg = Debug|x64
		{054C8D6B-BAA7-4A5A-98F0-57DF18F9B962}.Debug|x64.Build.0 = Debug|x64
		{054C8D6B-BAA7-4A5A-98F0-57DF18F9B962}.Debug|x86.ActiveCfg = Debug|Win32
		{054C8D6B-BAA7-4A5A-98F0-57DF18F9B962}.Debug|x86.Build.0 = Debug|Win32
		{054C8D6B-BAA7-4A5A-98F0-57DF18F9B962}.MinSizeRel|x64.ActiveCfg = Release|x64
		{054C8D6B-BAA7-4A5A-98F0-57DF18F9B962}.MinSizeRel|x64.Build.0 = Release|x64
		{054C8D6B-BAA7-4A5A-98F0-57DF18F9B962}.MinSizeRel|x86.ActiveCfg = Release|Win32
		{054C8D6B-BAA7-4A5A-98F0-57DF18F9B962}.MinSizeRel|x86.Build.0 = Release|Win32
		{054C8D6B-BAA7-4A5A-98F0-57DF18F9B962}.Release|x64.ActiveCfg = Release|x64
		{054C8D6B-BAA7-4A5A-98F0-57DF18F9B962}.Release|x64.Build.0 = Release|x64
		{054C8D6B-BAA7-4A5A-98F0-57DF18F9B962}.Release|x86.ActiveCfg = Release|Win32
		{054C8D6B-BAA7-4A5A-98F0-57DF18F9B962}.Release|x86.Build.0 = Release|Win32
		{054C8D6B-BAA7-4A5A-98F0-57DF18F9B962}.RelWithDebInfo|x64.ActiveCfg = Release|x64
		{054C8D6B-BAA7-4A5A-98F0-57DF18F9B962}.RelWithDebInfo|x64.Build.0 = Release|x64
		{054C8D6B-BAA7-4A5A-98F0-57DF18F9B962}.RelWithDebInfo|x86.ActiveCfg = Release|Win32
		{054C8D6B-BAA7-4A5A-98F0-57DF18F9B962}.RelWithDebInfo|x86.Build.0 = Release|Win32
		{D80A8D72-3DE3-45DF-8189-CFB1E91C32E5}.Debug|x64.ActiveCfg = Debug|x64
		{D80A8D72-3DE3-45DF-8189-CFB1E91C32E5}.Debug|x64.Build.0 = Debug|x64
		{D80A8D72-3DE3-45DF-8189-CFB1E91C32E5}.Debug|x86.ActiveCfg = Debug|Win32
		{D80A8D72-3DE3-45DF-8189-CFB1E91C32E5}.Debug|x86.Build.0 = Debug|Win32
		{D80A8D72-3DE3-45DF-8189-CFB1E91C32E5}.MinSizeRel|x64.ActiveCfg = Release|x64
		{D80A8D72-3DE3-45DF-8189-CFB1E91C32E5}.MinSizeRel|x64.Build.0 = Release|x64
		{D80A8D72-3DE3-45DF-8189-CFB1E91C32E5}.MinSizeRel|x86.ActiveCfg = Release|Win32
		{D80A8D72-3DE3-45DF-8189-CFB1E91C32E5}.MinSizeRel|x86.Build.0 = Release|Win32
		{D80A8D72-3DE3-45DF-8189-CFB1E91C32E5}.Release|x64.ActiveCfg = Release|x64
		{D80A8D72-3DE3-45DF-8189-CFB1E91C32E5}.Release|x64.Build.0 = Release|x64
		{D80A8D72-3DE3-45DF-8189-CFB1E91C32E5}.Release|x86.ActiveCfg = Release|Win32
		{D80A8D72-3DE3-45DF-8189-CFB1E91C32E5}.Release|x86.Build.0 = Release|Win32
		{D80A8D72-3DE3-45DF-8189-CFB1E91C32E5}.RelWithDebInfo|x64.ActiveCfg = Release|x64
		{D80A8D72-3DE3-45DF-8189-CFB1E91C32E5}.RelWithDebInfo|x64.Build.0 = Release|x64
		{D80A8D72-3DE3-45DF-8189-CFB1E91C32E5}.RelWithDebInfo|x86.ActiveCfg = Release|Win32
		{D80A8D72-3DE3-45DF-8189-CFB1E91C32E5}.RelWithDebInfo|x86.Build.0 = Release|Win32
		{9D4B7880-3ABE-4551-8431-4864F4DC6AD9}.Debug|x64.ActiveCfg = Debug|x64
		{9D4B7880-3ABE-4551-8431-4864F4DC6AD9}.Debug|x64.Build.0 = Debug|x64
		{9D4B7880-3ABE-4551-8431-4864F4DC6AD9}.Debug|x86.ActiveCfg = Debug|Win32
		{9D4B7880-3ABE-4551-8431-4864F4DC6AD9}.Debug|x86.Build.0 = Debug|Win32
		{9D4B7880-3ABE-4551-8431-4864F4DC6AD9}.MinSizeRel|x64.ActiveCfg = Release|x64
		{9D4B7880-3ABE-4551-8431-4864F4DC6AD9}.MinSizeRel|x64.Build.0 = Release|x64
		{9D4B7880-3ABE-4551-8431-4864F4DC6AD9}.MinSizeRel|x86.ActiveCfg = Release|Win32
		{9D4B7880-3ABE-4551-8431-4864F4DC6AD9}.MinSizeRel|x86.Build.0 = Release|Win32
		{9D4B7880-3ABE-4551-8431-4864F4DC6AD9}.Release|x64.ActiveCfg = Release|x64
		{9D4B7880-3ABE-4551-8431-4864F4DC6AD9}.Release|x64.Build.0 = Release|x64
		{9D4B7880-3ABE-4551-8431-4864F4DC6AD9}.Release|x86.ActiveCfg = Release|Win32
		{9D4B7880-3ABE-4551-8431-4864F4DC6AD9}.Release|x86.Build.0 = Release|Win32
		{9D4B7880-3ABE-4551-8431-4864F4DC6AD9}.RelWithDebInfo|x64.ActiveCfg = Release|x64
		{9D4B7880-3ABE-4551-8431-4864F4DC6AD9}.RelWithDebInfo|x64.Build.0 = Release|x64
		{9D4B7880-3ABE-4551-8431-4864F4DC6AD9}.RelWithDebInfo|x86.ActiveCfg = Release|Win32
		{9D4B7880-3ABE-4551-8431-4864F4DC6AD9}.RelWithDebInfo|x86.Build.0 = Release|Win32
		{A81BA754-9365-471A-844D-FDC87727995C}.Debug|x64.ActiveCfg = Debug|x64
		{A81BA754-9365-471A-844D-FDC87727995C}.Debug|x64.Build.0 = Debug|x64
		{A81BA754-9365-471A-844D-FDC87727995C}.Debug|x86.ActiveCfg = Debug|Win32
		{A81BA754-9365-471A-844D-FDC87727995C}.Debug|x86.Build.0 = Debug|Win32
		{A81BA754-9365-471A-844D-FDC87727995C}.MinSizeRel|x64.ActiveCfg = Release|x64
		{A81BA754-9365-471A-844D-FDC87727995C}.MinSizeRel|x64.Build.0 = Release|x64
		{A81BA754-9365-471A-844D-FDC87727995C}.MinSizeRel|x86.ActiveCfg = Release|Win32
		{A81BA754-9365-471A-844D-FDC87727995C}.MinSizeRel|x86.Build.0 = Release|Win32
		{A81BA754-9365-471A-844D-FDC87727995C}.Release|x64.ActiveCfg = Release|x64
		{A81BA754-9365-471A-844D-FDC87727995C}.Release|x64.Build.0 = Release|x64
		{A81BA754-9365-471A-844D-FDC87727995C}.Release|x86.ActiveCfg = Release|Win32
		{A81BA754-9365-471A-844D-FDC87727995C}.Release|x86.Build.0 = Release|Win32
		{A81BA754-9365-471A-844D-FDC87727995C}.RelWithDebInfo|x64.ActiveCfg = Release|x64
		{A81BA754-9365-471A-844D-FDC87727995C}.RelWithDebInfo|x64.Build.0 = Release|x64
		{A81BA754-9365-471A-844D-FDC87727995C}.RelWithDebInfo|x86.ActiveCfg = Release|Win32
		{A81BA754-9365-471A-844D-FDC87727995C}.RelWithDebInfo|x86.Build.0 = Release|Win32
	EndGlobalSection
	GlobalSection(SolutionProperties) = preSolution
		HideSolutionNode = FALSE
	EndGlobalSection
	GlobalSection(NestedProjects) = preSolution
		{F3BCD1AF-0E87-4BC3-AFC8-292016534301} = {052FBEB6-0721-4DE8-94C8-A3E460968947}
		{58E919C9-E8E0-43E7-B3BA-66A8CF6CBD13} = {052FBEB6-0721-4DE8-94C8-A3E460968947}
		{A61FBA2B-807A-4A9B-B488-2EDCD80AA505} = {052FBEB6-0721-4DE8-94C8-A3E460968947}
		{EF9C16FB-6E9F-47CC-A195-AF3F52038D94} = {052FBEB6-0721-4DE8-94C8-A3E460968947}
		{0725EAAD-201D-476B-8CE9-AAE0D4559131} = {052FBEB6-0721-4DE8-94C8-A3E460968947}
		{71002F76-D93C-4F1D-88F3-224711254ACF} = {052FBEB6-0721-4DE8-94C8-A3E460968947}
		{1089F82B-5716-4A68-9801-B1257AA5146F} = {052FBEB6-0721-4DE8-94C8-A3E460968947}
		{AAA1E779-C234-4EDB-8E6A-8B67566F949C} = {052FBEB6-0721-4DE8-94C8-A3E460968947}
		{7F70F17D-D3F2-4312-966D-E24B5FF6E17A} = {052FBEB6-0721-4DE8-94C8-A3E460968947}
		{054C8D6B-BAA7-4A5A-98F0-57DF18F9B962} = {052FBEB6-0721-4DE8-94C8-A3E460968947}
		{D80A8D72-3DE3-45DF-8189-CFB1E91C32E5} = {052FBEB6-0721-4DE8-94C8-A3E460968947}
		{9D4B7880-3ABE-4551-8431-4864F4DC6AD9} = {052FBEB6-0721-4DE8-94C8-A3E460968947}
		{A81BA754-9365-471A-844D-FDC87727995C} = {052FBEB6-0721-4DE8-94C8-A3E460968947}
	EndGlobalSection
EndGlobal
